
Microsoft Visual Studio Solution File, Format Version 12.00
# Visual Studio Version 17
VisualStudioVersion = 17.7.34031.279
MinimumVisualStudioVersion = 10.0.40219.1
Project("{FAE04EC0-301F-11D3-BF4B-00C04F79EFBC}") = "Fitness_Tracker", "Fitness_Tracker\Fitness_Tracker.csproj", "{7F7CF9D7-D092-4169-9B23-C403DEA373D0}"
EndProject
Global
	GlobalSection(SolutionConfigurationPlatforms) = preSolution
		Debug|Any CPU = Debug|Any CPU
		Release|Any CPU = Release|Any CPU
	EndGlobalSection
	GlobalSection(ProjectConfigurationPlatforms) = postSolution
		{7F7CF9D7-D092-4169-9B23-C403DEA373D0}.Debug|Any CPU.ActiveCfg = Debug|Any CPU
		{7F7CF9D7-D092-4169-9B23-C403DEA373D0}.Debug|Any CPU.Build.0 = Debug|Any CPU
		{7F7CF9D7-D092-4169-9B23-C403DEA373D0}.Release|Any CPU.ActiveCfg = Release|Any CPU
		{7F7CF9D7-D092-4169-9B23-C403DEA373D0}.Release|Any CPU.Build.0 = Release|Any CPU
	EndGlobalSection
	GlobalSection(SolutionProperties) = preSolution
		HideSolutionNode = FALSE
	EndGlobalSection
	GlobalSection(ExtensibilityGlobals) = postSolution
		SolutionGuid = {5BBAE862-4694-443A-96E4-AB15AD7BF8C7}
	EndGlobalSection
EndGlobal
